
Microsoft Visual Studio Solution File, Format Version 12.00
# Visual Studio Version 17
VisualStudioVersion = 17.9.34728.123
MinimumVisualStudioVersion = 10.0.40219.1
Project("{9A19103F-16F7-4668-BE54-9A1E7A4F7556}") = "ScorchedEarthV2", "ScorchedEarthV2.csproj", "{A744326F-8399-4E7B-80EC-23203C57E7AD}"
EndProject
Global
	GlobalSection(SolutionConfigurationPlatforms) = preSolution
		Debug|Any CPU = Debug|Any CPU
		Release|Any CPU = Release|Any CPU
	EndGlobalSection
	GlobalSection(ProjectConfigurationPlatforms) = postSolution
		{A744326F-8399-4E7B-80EC-23203C57E7AD}.Debug|Any CPU.ActiveCfg = Debug|Any CPU
		{A744326F-8399-4E7B-80EC-23203C57E7AD}.Debug|Any CPU.Build.0 = Debug|Any CPU
		{A744326F-8399-4E7B-80EC-23203C57E7AD}.Release|Any CPU.ActiveCfg = Release|Any CPU
		{A744326F-8399-4E7B-80EC-23203C57E7AD}.Release|Any CPU.Build.0 = Release|Any CPU
	EndGlobalSection
	GlobalSection(SolutionProperties) = preSolution
		HideSolutionNode = FALSE
	EndGlobalSection
	GlobalSection(ExtensibilityGlobals) = postSolution
		SolutionGuid = {C4A1AE4B-C36A-4F5D-91A8-A7A7EA5FA8C5}
	EndGlobalSection
EndGlobal
